// !$*UTF8*$!
{
	archiveVersion = 1;
	classes = {
	};
	objectVersion = 56;
	objects = {

/* Begin PBXBuildFile section */
		633139B42CD6E6DB00CB4DEC /* AppDelegate.swift in Sources */ = {isa = PBXBuildFile; fileRef = 633139B32CD6E6DB00CB4DEC /* AppDelegate.swift */; };
		633139B82CD6E6DB00CB4DEC /* ViewController.swift in Sources */ = {isa = PBXBuildFile; fileRef = 633139B72CD6E6DB00CB4DEC /* ViewController.swift */; };
		633139BB2CD6E6DB00CB4DEC /* Base in Resources */ = {isa = PBXBuildFile; fileRef = 633139BA2CD6E6DB00CB4DEC /* Base */; };
		633139BD2CD6E6DD00CB4DEC /* Assets.xcassets in Resources */ = {isa = PBXBuildFile; fileRef = 633139BC2CD6E6DD00CB4DEC /* Assets.xcassets */; };
		633139C02CD6E6DD00CB4DEC /* Base in Resources */ = {isa = PBXBuildFile; fileRef = 633139BF2CD6E6DD00CB4DEC /* Base */; };
		633139C92CD6E87E00CB4DEC /* GlobalVar.swift in Sources */ = {isa = PBXBuildFile; fileRef = 633139C82CD6E87E00CB4DEC /* GlobalVar.swift */; };
		633139CD2CD6E8AA00CB4DEC /* Coordinator.swift in Sources */ = {isa = PBXBuildFile; fileRef = 633139CC2CD6E8AA00CB4DEC /* Coordinator.swift */; };
		633139CF2CD6E8BF00CB4DEC /* Storyboarded.swift in Sources */ = {isa = PBXBuildFile; fileRef = 633139CE2CD6E8BF00CB4DEC /* Storyboarded.swift */; };
		633139D22CD6E91500CB4DEC /* MainCoordinator.swift in Sources */ = {isa = PBXBuildFile; fileRef = 633139D12CD6E91500CB4DEC /* MainCoordinator.swift */; };
		633139D62CD6E95800CB4DEC /* BaseVC.swift in Sources */ = {isa = PBXBuildFile; fileRef = 633139D52CD6E95800CB4DEC /* BaseVC.swift */; };
		633139DB2CD6E98C00CB4DEC /* HomeScreen.storyboard in Resources */ = {isa = PBXBuildFile; fileRef = 633139DA2CD6E98C00CB4DEC /* HomeScreen.storyboard */; };
		633139DD2CD6E99E00CB4DEC /* HomeVC.swift in Sources */ = {isa = PBXBuildFile; fileRef = 633139DC2CD6E99E00CB4DEC /* HomeVC.swift */; };
		633139E32CD6EAAD00CB4DEC /* Tajawal-Bold.ttf in Resources */ = {isa = PBXBuildFile; fileRef = 633139E02CD6EAAD00CB4DEC /* Tajawal-Bold.ttf */; };
		633139E42CD6EAAD00CB4DEC /* Tajawal-Light.ttf in Resources */ = {isa = PBXBuildFile; fileRef = 633139E12CD6EAAD00CB4DEC /* Tajawal-Light.ttf */; };
		633139E52CD6EAAD00CB4DEC /* Tajawal-Regular.ttf in Resources */ = {isa = PBXBuildFile; fileRef = 633139E22CD6EAAD00CB4DEC /* Tajawal-Regular.ttf */; };
		633139E72CD6EFE700CB4DEC /* AppColors.xcassets in Resources */ = {isa = PBXBuildFile; fileRef = 633139E62CD6EFE700CB4DEC /* AppColors.xcassets */; };
		633139E92CD6F12300CB4DEC /* FontSize.swift in Sources */ = {isa = PBXBuildFile; fileRef = 633139E82CD6F12300CB4DEC /* FontSize.swift */; };
		633139EB2CD6F13D00CB4DEC /* AppFontSetup.swift in Sources */ = {isa = PBXBuildFile; fileRef = 633139EA2CD6F13D00CB4DEC /* AppFontSetup.swift */; };
		633139ED2CD6F15C00CB4DEC /* AppTheme.swift in Sources */ = {isa = PBXBuildFile; fileRef = 633139EC2CD6F15C00CB4DEC /* AppTheme.swift */; };
		633139F02CD6F1DB00CB4DEC /* Label_Extension.swift in Sources */ = {isa = PBXBuildFile; fileRef = 633139EF2CD6F1DB00CB4DEC /* Label_Extension.swift */; };
		633139F22CD6F20B00CB4DEC /* String_Extension.swift in Sources */ = {isa = PBXBuildFile; fileRef = 633139F12CD6F20B00CB4DEC /* String_Extension.swift */; };
		633139F42CD6FB7600CB4DEC /* SelfConfiguringCell.swift in Sources */ = {isa = PBXBuildFile; fileRef = 633139F32CD6FB7600CB4DEC /* SelfConfiguringCell.swift */; };
		633139F62CD6FBE100CB4DEC /* TableView_Extension.swift in Sources */ = {isa = PBXBuildFile; fileRef = 633139F52CD6FBE100CB4DEC /* TableView_Extension.swift */; };
		633139F82CD6FC1700CB4DEC /* CollectionView_Extension.swift in Sources */ = {isa = PBXBuildFile; fileRef = 633139F72CD6FC1700CB4DEC /* CollectionView_Extension.swift */; };
		633139FA2CD6FC3B00CB4DEC /* Date_Extension.swift in Sources */ = {isa = PBXBuildFile; fileRef = 633139F92CD6FC3B00CB4DEC /* Date_Extension.swift */; };
		633139FD2CD6FC7900CB4DEC /* DesignableView.swift in Sources */ = {isa = PBXBuildFile; fileRef = 633139FC2CD6FC7900CB4DEC /* DesignableView.swift */; };
		63313A002CD6FCAA00CB4DEC /* JustHUD.swift in Sources */ = {isa = PBXBuildFile; fileRef = 633139FE2CD6FCAA00CB4DEC /* JustHUD.swift */; };
		63313A012CD6FCAA00CB4DEC /* Toast.swift in Sources */ = {isa = PBXBuildFile; fileRef = 633139FF2CD6FCAA00CB4DEC /* Toast.swift */; };
		B1CEA3D7257F99AB019DEA73 /* Pods_NewsApp.framework in Frameworks */ = {isa = PBXBuildFile; fileRef = 6B83246B0910887C5CEDBD7A /* Pods_NewsApp.framework */; };
/* End PBXBuildFile section */

/* Begin PBXFileReference section */
		633139B02CD6E6DB00CB4DEC /* NewsApp.app */ = {isa = PBXFileReference; explicitFileType = wrapper.application; includeInIndex = 0; path = NewsApp.app; sourceTree = BUILT_PRODUCTS_DIR; };
		633139B32CD6E6DB00CB4DEC /* AppDelegate.swift */ = {isa = PBXFileReference; lastKnownFileType = sourcecode.swift; path = AppDelegate.swift; sourceTree = "<group>"; };
		633139B72CD6E6DB00CB4DEC /* ViewController.swift */ = {isa = PBXFileReference; lastKnownFileType = sourcecode.swift; path = ViewController.swift; sourceTree = "<group>"; };
		633139BA2CD6E6DB00CB4DEC /* Base */ = {isa = PBXFileReference; lastKnownFileType = file.storyboard; name = Base; path = Base.lproj/Main.storyboard; sourceTree = "<group>"; };
		633139BC2CD6E6DD00CB4DEC /* Assets.xcassets */ = {isa = PBXFileReference; lastKnownFileType = folder.assetcatalog; path = Assets.xcassets; sourceTree = "<group>"; };
		633139BF2CD6E6DD00CB4DEC /* Base */ = {isa = PBXFileReference; lastKnownFileType = file.storyboard; name = Base; path = Base.lproj/LaunchScreen.storyboard; sourceTree = "<group>"; };
		633139C12CD6E6DD00CB4DEC /* Info.plist */ = {isa = PBXFileReference; lastKnownFileType = text.plist.xml; path = Info.plist; sourceTree = "<group>"; };
		633139C82CD6E87E00CB4DEC /* GlobalVar.swift */ = {isa = PBXFileReference; lastKnownFileType = sourcecode.swift; path = GlobalVar.swift; sourceTree = "<group>"; };
		633139CC2CD6E8AA00CB4DEC /* Coordinator.swift */ = {isa = PBXFileReference; lastKnownFileType = sourcecode.swift; path = Coordinator.swift; sourceTree = "<group>"; };
		633139CE2CD6E8BF00CB4DEC /* Storyboarded.swift */ = {isa = PBXFileReference; lastKnownFileType = sourcecode.swift; path = Storyboarded.swift; sourceTree = "<group>"; };
		633139D12CD6E91500CB4DEC /* MainCoordinator.swift */ = {isa = PBXFileReference; lastKnownFileType = sourcecode.swift; path = MainCoordinator.swift; sourceTree = "<group>"; };
		633139D52CD6E95800CB4DEC /* BaseVC.swift */ = {isa = PBXFileReference; lastKnownFileType = sourcecode.swift; path = BaseVC.swift; sourceTree = "<group>"; };
		633139DA2CD6E98C00CB4DEC /* HomeScreen.storyboard */ = {isa = PBXFileReference; lastKnownFileType = file.storyboard; path = HomeScreen.storyboard; sourceTree = "<group>"; };
		633139DC2CD6E99E00CB4DEC /* HomeVC.swift */ = {isa = PBXFileReference; lastKnownFileType = sourcecode.swift; path = HomeVC.swift; sourceTree = "<group>"; };
		633139E02CD6EAAD00CB4DEC /* Tajawal-Bold.ttf */ = {isa = PBXFileReference; lastKnownFileType = file; path = "Tajawal-Bold.ttf"; sourceTree = "<group>"; };
		633139E12CD6EAAD00CB4DEC /* Tajawal-Light.ttf */ = {isa = PBXFileReference; lastKnownFileType = file; path = "Tajawal-Light.ttf"; sourceTree = "<group>"; };
		633139E22CD6EAAD00CB4DEC /* Tajawal-Regular.ttf */ = {isa = PBXFileReference; lastKnownFileType = file; path = "Tajawal-Regular.ttf"; sourceTree = "<group>"; };
		633139E62CD6EFE700CB4DEC /* AppColors.xcassets */ = {isa = PBXFileReference; lastKnownFileType = folder.assetcatalog; path = AppColors.xcassets; sourceTree = "<group>"; };
		633139E82CD6F12300CB4DEC /* FontSize.swift */ = {isa = PBXFileReference; lastKnownFileType = sourcecode.swift; path = FontSize.swift; sourceTree = "<group>"; };
		633139EA2CD6F13D00CB4DEC /* AppFontSetup.swift */ = {isa = PBXFileReference; lastKnownFileType = sourcecode.swift; path = AppFontSetup.swift; sourceTree = "<group>"; };
		633139EC2CD6F15C00CB4DEC /* AppTheme.swift */ = {isa = PBXFileReference; lastKnownFileType = sourcecode.swift; path = AppTheme.swift; sourceTree = "<group>"; };
		633139EF2CD6F1DB00CB4DEC /* Label_Extension.swift */ = {isa = PBXFileReference; lastKnownFileType = sourcecode.swift; path = Label_Extension.swift; sourceTree = "<group>"; };
		633139F12CD6F20B00CB4DEC /* String_Extension.swift */ = {isa = PBXFileReference; lastKnownFileType = sourcecode.swift; path = String_Extension.swift; sourceTree = "<group>"; };
		633139F32CD6FB7600CB4DEC /* SelfConfiguringCell.swift */ = {isa = PBXFileReference; lastKnownFileType = sourcecode.swift; path = SelfConfiguringCell.swift; sourceTree = "<group>"; };
		633139F52CD6FBE100CB4DEC /* TableView_Extension.swift */ = {isa = PBXFileReference; lastKnownFileType = sourcecode.swift; path = TableView_Extension.swift; sourceTree = "<group>"; };
		633139F72CD6FC1700CB4DEC /* CollectionView_Extension.swift */ = {isa = PBXFileReference; lastKnownFileType = sourcecode.swift; path = CollectionView_Extension.swift; sourceTree = "<group>"; };
		633139F92CD6FC3B00CB4DEC /* Date_Extension.swift */ = {isa = PBXFileReference; lastKnownFileType = sourcecode.swift; path = Date_Extension.swift; sourceTree = "<group>"; };
		633139FC2CD6FC7900CB4DEC /* DesignableView.swift */ = {isa = PBXFileReference; lastKnownFileType = sourcecode.swift; path = DesignableView.swift; sourceTree = "<group>"; };
		633139FE2CD6FCAA00CB4DEC /* JustHUD.swift */ = {isa = PBXFileReference; fileEncoding = 4; lastKnownFileType = sourcecode.swift; path = JustHUD.swift; sourceTree = "<group>"; };
		633139FF2CD6FCAA00CB4DEC /* Toast.swift */ = {isa = PBXFileReference; fileEncoding = 4; lastKnownFileType = sourcecode.swift; path = Toast.swift; sourceTree = "<group>"; };
		6B395463B4D11D3910336D50 /* Pods-NewsApp.release.xcconfig */ = {isa = PBXFileReference; includeInIndex = 1; lastKnownFileType = text.xcconfig; name = "Pods-NewsApp.release.xcconfig"; path = "Target Support Files/Pods-NewsApp/Pods-NewsApp.release.xcconfig"; sourceTree = "<group>"; };
		6B83246B0910887C5CEDBD7A /* Pods_NewsApp.framework */ = {isa = PBXFileReference; explicitFileType = wrapper.framework; includeInIndex = 0; path = Pods_NewsApp.framework; sourceTree = BUILT_PRODUCTS_DIR; };
		FB08ED6EAE7A81040527F3C5 /* Pods-NewsApp.debug.xcconfig */ = {isa = PBXFileReference; includeInIndex = 1; lastKnownFileType = text.xcconfig; name = "Pods-NewsApp.debug.xcconfig"; path = "Target Support Files/Pods-NewsApp/Pods-NewsApp.debug.xcconfig"; sourceTree = "<group>"; };
/* End PBXFileReference section */

/* Begin PBXFrameworksBuildPhase section */
		633139AD2CD6E6DB00CB4DEC /* Frameworks */ = {
			isa = PBXFrameworksBuildPhase;
			buildActionMask = 2147483647;
			files = (
				B1CEA3D7257F99AB019DEA73 /* Pods_NewsApp.framework in Frameworks */,
			);
			runOnlyForDeploymentPostprocessing = 0;
		};
/* End PBXFrameworksBuildPhase section */

/* Begin PBXGroup section */
		0EEE913FE5A5A9965F591272 /* Frameworks */ = {
			isa = PBXGroup;
			children = (
				6B83246B0910887C5CEDBD7A /* Pods_NewsApp.framework */,
			);
			name = Frameworks;
			sourceTree = "<group>";
		};
		633139A72CD6E6DB00CB4DEC = {
			isa = PBXGroup;
			children = (
				633139B22CD6E6DB00CB4DEC /* NewsApp */,
				633139B12CD6E6DB00CB4DEC /* Products */,
				DF087A05ED9F405E51024B64 /* Pods */,
				0EEE913FE5A5A9965F591272 /* Frameworks */,
			);
			sourceTree = "<group>";
		};
		633139B12CD6E6DB00CB4DEC /* Products */ = {
			isa = PBXGroup;
			children = (
				633139B02CD6E6DB00CB4DEC /* NewsApp.app */,
			);
			name = Products;
			sourceTree = "<group>";
		};
		633139B22CD6E6DB00CB4DEC /* NewsApp */ = {
			isa = PBXGroup;
			children = (
				633139CA2CD6E89500CB4DEC /* Helper */,
				633139C72CD6E87400CB4DEC /* GlobalVar */,
				633139DE2CD6EA8000CB4DEC /* App Theme */,
				633139D02CD6E8E100CB4DEC /* Cooedinator */,
				633139D32CD6E93600CB4DEC /* Screens */,
				633139B32CD6E6DB00CB4DEC /* AppDelegate.swift */,
				633139B72CD6E6DB00CB4DEC /* ViewController.swift */,
				633139B92CD6E6DB00CB4DEC /* Main.storyboard */,
				633139BE2CD6E6DD00CB4DEC /* LaunchScreen.storyboard */,
				633139C12CD6E6DD00CB4DEC /* Info.plist */,
			);
			path = NewsApp;
			sourceTree = "<group>";
		};
		633139C72CD6E87400CB4DEC /* GlobalVar */ = {
			isa = PBXGroup;
			children = (
				633139C82CD6E87E00CB4DEC /* GlobalVar.swift */,
			);
			path = GlobalVar;
			sourceTree = "<group>";
		};
		633139CA2CD6E89500CB4DEC /* Helper */ = {
			isa = PBXGroup;
			children = (
				633139FB2CD6FC6700CB4DEC /* Views */,
				633139EE2CD6F1CA00CB4DEC /* Extension */,
				633139CB2CD6E89E00CB4DEC /* protocol */,
			);
			path = Helper;
			sourceTree = "<group>";
		};
		633139CB2CD6E89E00CB4DEC /* protocol */ = {
			isa = PBXGroup;
			children = (
				633139CC2CD6E8AA00CB4DEC /* Coordinator.swift */,
				633139CE2CD6E8BF00CB4DEC /* Storyboarded.swift */,
				633139F32CD6FB7600CB4DEC /* SelfConfiguringCell.swift */,
			);
			path = protocol;
			sourceTree = "<group>";
		};
		633139D02CD6E8E100CB4DEC /* Cooedinator */ = {
			isa = PBXGroup;
			children = (
				633139D12CD6E91500CB4DEC /* MainCoordinator.swift */,
			);
			path = Cooedinator;
			sourceTree = "<group>";
		};
		633139D32CD6E93600CB4DEC /* Screens */ = {
			isa = PBXGroup;
			children = (
				633139D42CD6E95300CB4DEC /* BaseVC */,
				633139D82CD6E97500CB4DEC /* Home */,
			);
			path = Screens;
			sourceTree = "<group>";
		};
		633139D42CD6E95300CB4DEC /* BaseVC */ = {
			isa = PBXGroup;
			children = (
				633139D52CD6E95800CB4DEC /* BaseVC.swift */,
			);
			path = BaseVC;
			sourceTree = "<group>";
		};
		633139D82CD6E97500CB4DEC /* Home */ = {
			isa = PBXGroup;
			children = (
				633139D92CD6E97E00CB4DEC /* View */,
			);
			path = Home;
			sourceTree = "<group>";
		};
		633139D92CD6E97E00CB4DEC /* View */ = {
			isa = PBXGroup;
			children = (
				633139DA2CD6E98C00CB4DEC /* HomeScreen.storyboard */,
				633139DC2CD6E99E00CB4DEC /* HomeVC.swift */,
			);
			path = View;
			sourceTree = "<group>";
		};
		633139DE2CD6EA8000CB4DEC /* App Theme */ = {
			isa = PBXGroup;
			children = (
				633139DF2CD6EA9400CB4DEC /* Font */,
				633139E62CD6EFE700CB4DEC /* AppColors.xcassets */,
				633139BC2CD6E6DD00CB4DEC /* Assets.xcassets */,
				633139E82CD6F12300CB4DEC /* FontSize.swift */,
				633139EA2CD6F13D00CB4DEC /* AppFontSetup.swift */,
				633139EC2CD6F15C00CB4DEC /* AppTheme.swift */,
			);
			path = "App Theme";
			sourceTree = "<group>";
		};
		633139DF2CD6EA9400CB4DEC /* Font */ = {
			isa = PBXGroup;
			children = (
				633139E02CD6EAAD00CB4DEC /* Tajawal-Bold.ttf */,
				633139E12CD6EAAD00CB4DEC /* Tajawal-Light.ttf */,
				633139E22CD6EAAD00CB4DEC /* Tajawal-Regular.ttf */,
			);
			path = Font;
			sourceTree = "<group>";
		};
		633139EE2CD6F1CA00CB4DEC /* Extension */ = {
			isa = PBXGroup;
			children = (
				633139EF2CD6F1DB00CB4DEC /* Label_Extension.swift */,
				633139F12CD6F20B00CB4DEC /* String_Extension.swift */,
				633139F52CD6FBE100CB4DEC /* TableView_Extension.swift */,
				633139F72CD6FC1700CB4DEC /* CollectionView_Extension.swift */,
				633139F92CD6FC3B00CB4DEC /* Date_Extension.swift */,
			);
			path = Extension;
			sourceTree = "<group>";
		};
		633139FB2CD6FC6700CB4DEC /* Views */ = {
			isa = PBXGroup;
			children = (
				633139FC2CD6FC7900CB4DEC /* DesignableView.swift */,
				633139FE2CD6FCAA00CB4DEC /* JustHUD.swift */,
				633139FF2CD6FCAA00CB4DEC /* Toast.swift */,
			);
			path = Views;
			sourceTree = "<group>";
		};
		DF087A05ED9F405E51024B64 /* Pods */ = {
			isa = PBXGroup;
			children = (
				FB08ED6EAE7A81040527F3C5 /* Pods-NewsApp.debug.xcconfig */,
				6B395463B4D11D3910336D50 /* Pods-NewsApp.release.xcconfig */,
			);
			path = Pods;
			sourceTree = "<group>";
		};
/* End PBXGroup section */

/* Begin PBXNativeTarget section */
		633139AF2CD6E6DB00CB4DEC /* NewsApp */ = {
			isa = PBXNativeTarget;
			buildConfigurationList = 633139C42CD6E6DD00CB4DEC /* Build configuration list for PBXNativeTarget "NewsApp" */;
			buildPhases = (
				43ECBC16A03B4769CF41DC07 /* [CP] Check Pods Manifest.lock */,
				633139AC2CD6E6DB00CB4DEC /* Sources */,
				633139AD2CD6E6DB00CB4DEC /* Frameworks */,
				633139AE2CD6E6DB00CB4DEC /* Resources */,
				2647B718A22B4FDB1E32DE0D /* [CP] Embed Pods Frameworks */,
			);
			buildRules = (
			);
			dependencies = (
			);
			name = NewsApp;
			productName = NewsApp;
			productReference = 633139B02CD6E6DB00CB4DEC /* NewsApp.app */;
			productType = "com.apple.product-type.application";
		};
/* End PBXNativeTarget section */

/* Begin PBXProject section */
		633139A82CD6E6DB00CB4DEC /* Project object */ = {
			isa = PBXProject;
			attributes = {
				BuildIndependentTargetsInParallel = 1;
				LastSwiftUpdateCheck = 1540;
				LastUpgradeCheck = 1540;
				TargetAttributes = {
					633139AF2CD6E6DB00CB4DEC = {
						CreatedOnToolsVersion = 15.4;
					};
				};
			};
			buildConfigurationList = 633139AB2CD6E6DB00CB4DEC /* Build configuration list for PBXProject "NewsApp" */;
			compatibilityVersion = "Xcode 14.0";
			developmentRegion = en;
			hasScannedForEncodings = 0;
			knownRegions = (
				en,
				Base,
			);
			mainGroup = 633139A72CD6E6DB00CB4DEC;
			productRefGroup = 633139B12CD6E6DB00CB4DEC /* Products */;
			projectDirPath = "";
			projectRoot = "";
			targets = (
				633139AF2CD6E6DB00CB4DEC /* NewsApp */,
			);
		};
/* End PBXProject section */

/* Begin PBXResourcesBuildPhase section */
		633139AE2CD6E6DB00CB4DEC /* Resources */ = {
			isa = PBXResourcesBuildPhase;
			buildActionMask = 2147483647;
			files = (
				633139BD2CD6E6DD00CB4DEC /* Assets.xcassets in Resources */,
				633139E72CD6EFE700CB4DEC /* AppColors.xcassets in Resources */,
				633139DB2CD6E98C00CB4DEC /* HomeScreen.storyboard in Resources */,
				633139C02CD6E6DD00CB4DEC /* Base in Resources */,
				633139E32CD6EAAD00CB4DEC /* Tajawal-Bold.ttf in Resources */,
				633139E42CD6EAAD00CB4DEC /* Tajawal-Light.ttf in Resources */,
				633139E52CD6EAAD00CB4DEC /* Tajawal-Regular.ttf in Resources */,
				633139BB2CD6E6DB00CB4DEC /* Base in Resources */,
			);
			runOnlyForDeploymentPostprocessing = 0;
		};
/* End PBXResourcesBuildPhase section */

/* Begin PBXShellScriptBuildPhase section */
		2647B718A22B4FDB1E32DE0D /* [CP] Embed Pods Frameworks */ = {
			isa = PBXShellScriptBuildPhase;
			buildActionMask = 2147483647;
			files = (
			);
			inputFileListPaths = (
				"${PODS_ROOT}/Target Support Files/Pods-NewsApp/Pods-NewsApp-frameworks-${CONFIGURATION}-input-files.xcfilelist",
			);
			name = "[CP] Embed Pods Frameworks";
			outputFileListPaths = (
				"${PODS_ROOT}/Target Support Files/Pods-NewsApp/Pods-NewsApp-frameworks-${CONFIGURATION}-output-files.xcfilelist",
			);
			runOnlyForDeploymentPostprocessing = 0;
			shellPath = /bin/sh;
			shellScript = "\"${PODS_ROOT}/Target Support Files/Pods-NewsApp/Pods-NewsApp-frameworks.sh\"\n";
			showEnvVarsInLog = 0;
		};
		43ECBC16A03B4769CF41DC07 /* [CP] Check Pods Manifest.lock */ = {
			isa = PBXShellScriptBuildPhase;
			buildActionMask = 2147483647;
			files = (
			);
			inputFileListPaths = (
			);
			inputPaths = (
				"${PODS_PODFILE_DIR_PATH}/Podfile.lock",
				"${PODS_ROOT}/Manifest.lock",
			);
			name = "[CP] Check Pods Manifest.lock";
			outputFileListPaths = (
			);
			outputPaths = (
				"$(DERIVED_FILE_DIR)/Pods-NewsApp-checkManifestLockResult.txt",
			);
			runOnlyForDeploymentPostprocessing = 0;
			shellPath = /bin/sh;
			shellScript = "diff \"${PODS_PODFILE_DIR_PATH}/Podfile.lock\" \"${PODS_ROOT}/Manifest.lock\" > /dev/null\nif [ $? != 0 ] ; then\n    # print error to STDERR\n    echo \"error: The sandbox is not in sync with the Podfile.lock. Run 'pod install' or update your CocoaPods installation.\" >&2\n    exit 1\nfi\n# This output is used by Xcode 'outputs' to avoid re-running this script phase.\necho \"SUCCESS\" > \"${SCRIPT_OUTPUT_FILE_0}\"\n";
			showEnvVarsInLog = 0;
		};
/* End PBXShellScriptBuildPhase section */

/* Begin PBXSourcesBuildPhase section */
		633139AC2CD6E6DB00CB4DEC /* Sources */ = {
			isa = PBXSourcesBuildPhase;
			buildActionMask = 2147483647;
			files = (
				633139C92CD6E87E00CB4DEC /* GlobalVar.swift in Sources */,
				633139E92CD6F12300CB4DEC /* FontSize.swift in Sources */,
				63313A002CD6FCAA00CB4DEC /* JustHUD.swift in Sources */,
				633139D22CD6E91500CB4DEC /* MainCoordinator.swift in Sources */,
				633139B82CD6E6DB00CB4DEC /* ViewController.swift in Sources */,
				633139F62CD6FBE100CB4DEC /* TableView_Extension.swift in Sources */,
				633139F22CD6F20B00CB4DEC /* String_Extension.swift in Sources */,
				633139DD2CD6E99E00CB4DEC /* HomeVC.swift in Sources */,
				633139EB2CD6F13D00CB4DEC /* AppFontSetup.swift in Sources */,
				633139FD2CD6FC7900CB4DEC /* DesignableView.swift in Sources */,
				633139F42CD6FB7600CB4DEC /* SelfConfiguringCell.swift in Sources */,
				633139D62CD6E95800CB4DEC /* BaseVC.swift in Sources */,
				633139FA2CD6FC3B00CB4DEC /* Date_Extension.swift in Sources */,
				633139CD2CD6E8AA00CB4DEC /* Coordinator.swift in Sources */,
				633139B42CD6E6DB00CB4DEC /* AppDelegate.swift in Sources */,
				633139F82CD6FC1700CB4DEC /* CollectionView_Extension.swift in Sources */,
				633139ED2CD6F15C00CB4DEC /* AppTheme.swift in Sources */,
				63313A012CD6FCAA00CB4DEC /* Toast.swift in Sources */,
				633139F02CD6F1DB00CB4DEC /* Label_Extension.swift in Sources */,
				633139CF2CD6E8BF00CB4DEC /* Storyboarded.swift in Sources */,
			);
			runOnlyForDeploymentPostprocessing = 0;
		};
/* End PBXSourcesBuildPhase section */

/* Begin PBXVariantGroup section */
		633139B92CD6E6DB00CB4DEC /* Main.storyboard */ = {
			isa = PBXVariantGroup;
			children = (
				633139BA2CD6E6DB00CB4DEC /* Base */,
			);
			name = Main.storyboard;
			sourceTree = "<group>";
		};
		633139BE2CD6E6DD00CB4DEC /* LaunchScreen.storyboard */ = {
			isa = PBXVariantGroup;
			children = (
				633139BF2CD6E6DD00CB4DEC /* Base */,
			);
			name = LaunchScreen.storyboard;
			sourceTree = "<group>";
		};
/* End PBXVariantGroup section */

/* Begin XCBuildConfiguration section */
		633139C22CD6E6DD00CB4DEC /* Debug */ = {
			isa = XCBuildConfiguration;
			buildSettings = {
				ALWAYS_SEARCH_USER_PATHS = NO;
				ASSETCATALOG_COMPILER_GENERATE_SWIFT_ASSET_SYMBOL_EXTENSIONS = YES;
				CLANG_ANALYZER_NONNULL = YES;
				CLANG_ANALYZER_NUMBER_OBJECT_CONVERSION = YES_AGGRESSIVE;
				CLANG_CXX_LANGUAGE_STANDARD = "gnu++20";
				CLANG_ENABLE_MODULES = YES;
				CLANG_ENABLE_OBJC_ARC = YES;
				CLANG_ENABLE_OBJC_WEAK = YES;
				CLANG_WARN_BLOCK_CAPTURE_AUTORELEASING = YES;
				CLANG_WARN_BOOL_CONVERSION = YES;
				CLANG_WARN_COMMA = YES;
				CLANG_WARN_CONSTANT_CONVERSION = YES;
				CLANG_WARN_DEPRECATED_OBJC_IMPLEMENTATIONS = YES;
				CLANG_WARN_DIRECT_OBJC_ISA_USAGE = YES_ERROR;
				CLANG_WARN_DOCUMENTATION_COMMENTS = YES;
				CLANG_WARN_EMPTY_BODY = YES;
				CLANG_WARN_ENUM_CONVERSION = YES;
				CLANG_WARN_INFINITE_RECURSION = YES;
				CLANG_WARN_INT_CONVERSION = YES;
				CLANG_WARN_NON_LITERAL_NULL_CONVERSION = YES;
				CLANG_WARN_OBJC_IMPLICIT_RETAIN_SELF = YES;
				CLANG_WARN_OBJC_LITERAL_CONVERSION = YES;
				CLANG_WARN_OBJC_ROOT_CLASS = YES_ERROR;
				CLANG_WARN_QUOTED_INCLUDE_IN_FRAMEWORK_HEADER = YES;
				CLANG_WARN_RANGE_LOOP_ANALYSIS = YES;
				CLANG_WARN_STRICT_PROTOTYPES = YES;
				CLANG_WARN_SUSPICIOUS_MOVE = YES;
				CLANG_WARN_UNGUARDED_AVAILABILITY = YES_AGGRESSIVE;
				CLANG_WARN_UNREACHABLE_CODE = YES;
				CLANG_WARN__DUPLICATE_METHOD_MATCH = YES;
				COPY_PHASE_STRIP = NO;
				DEBUG_INFORMATION_FORMAT = dwarf;
				ENABLE_STRICT_OBJC_MSGSEND = YES;
				ENABLE_TESTABILITY = YES;
				ENABLE_USER_SCRIPT_SANDBOXING = YES;
				GCC_C_LANGUAGE_STANDARD = gnu17;
				GCC_DYNAMIC_NO_PIC = NO;
				GCC_NO_COMMON_BLOCKS = YES;
				GCC_OPTIMIZATION_LEVEL = 0;
				GCC_PREPROCESSOR_DEFINITIONS = (
					"DEBUG=1",
					"$(inherited)",
				);
				GCC_WARN_64_TO_32_BIT_CONVERSION = YES;
				GCC_WARN_ABOUT_RETURN_TYPE = YES_ERROR;
				GCC_WARN_UNDECLARED_SELECTOR = YES;
				GCC_WARN_UNINITIALIZED_AUTOS = YES_AGGRESSIVE;
				GCC_WARN_UNUSED_FUNCTION = YES;
				GCC_WARN_UNUSED_VARIABLE = YES;
				IPHONEOS_DEPLOYMENT_TARGET = 17.5;
				LOCALIZATION_PREFERS_STRING_CATALOGS = YES;
				MTL_ENABLE_DEBUG_INFO = INCLUDE_SOURCE;
				MTL_FAST_MATH = YES;
				ONLY_ACTIVE_ARCH = YES;
				SDKROOT = iphoneos;
				SWIFT_ACTIVE_COMPILATION_CONDITIONS = "DEBUG $(inherited)";
				SWIFT_OPTIMIZATION_LEVEL = "-Onone";
			};
			name = Debug;
		};
		633139C32CD6E6DD00CB4DEC /* Release */ = {
			isa = XCBuildConfiguration;
			buildSettings = {
				ALWAYS_SEARCH_USER_PATHS = NO;
				ASSETCATALOG_COMPILER_GENERATE_SWIFT_ASSET_SYMBOL_EXTENSIONS = YES;
				CLANG_ANALYZER_NONNULL = YES;
				CLANG_ANALYZER_NUMBER_OBJECT_CONVERSION = YES_AGGRESSIVE;
				CLANG_CXX_LANGUAGE_STANDARD = "gnu++20";
				CLANG_ENABLE_MODULES = YES;
				CLANG_ENABLE_OBJC_ARC = YES;
				CLANG_ENABLE_OBJC_WEAK = YES;
				CLANG_WARN_BLOCK_CAPTURE_AUTORELEASING = YES;
				CLANG_WARN_BOOL_CONVERSION = YES;
				CLANG_WARN_COMMA = YES;
				CLANG_WARN_CONSTANT_CONVERSION = YES;
				CLANG_WARN_DEPRECATED_OBJC_IMPLEMENTATIONS = YES;
				CLANG_WARN_DIRECT_OBJC_ISA_USAGE = YES_ERROR;
				CLANG_WARN_DOCUMENTATION_COMMENTS = YES;
				CLANG_WARN_EMPTY_BODY = YES;
				CLANG_WARN_ENUM_CONVERSION = YES;
				CLANG_WARN_INFINITE_RECURSION = YES;
				CLANG_WARN_INT_CONVERSION = YES;
				CLANG_WARN_NON_LITERAL_NULL_CONVERSION = YES;
				CLANG_WARN_OBJC_IMPLICIT_RETAIN_SELF = YES;
				CLANG_WARN_OBJC_LITERAL_CONVERSION = YES;
				CLANG_WARN_OBJC_ROOT_CLASS = YES_ERROR;
				CLANG_WARN_QUOTED_INCLUDE_IN_FRAMEWORK_HEADER = YES;
				CLANG_WARN_RANGE_LOOP_ANALYSIS = YES;
				CLANG_WARN_STRICT_PROTOTYPES = YES;
				CLANG_WARN_SUSPICIOUS_MOVE = YES;
				CLANG_WARN_UNGUARDED_AVAILABILITY = YES_AGGRESSIVE;
				CLANG_WARN_UNREACHABLE_CODE = YES;
				CLANG_WARN__DUPLICATE_METHOD_MATCH = YES;
				COPY_PHASE_STRIP = NO;
				DEBUG_INFORMATION_FORMAT = "dwarf-with-dsym";
				ENABLE_NS_ASSERTIONS = NO;
				ENABLE_STRICT_OBJC_MSGSEND = YES;
				ENABLE_USER_SCRIPT_SANDBOXING = YES;
				GCC_C_LANGUAGE_STANDARD = gnu17;
				GCC_NO_COMMON_BLOCKS = YES;
				GCC_WARN_64_TO_32_BIT_CONVERSION = YES;
				GCC_WARN_ABOUT_RETURN_TYPE = YES_ERROR;
				GCC_WARN_UNDECLARED_SELECTOR = YES;
				GCC_WARN_UNINITIALIZED_AUTOS = YES_AGGRESSIVE;
				GCC_WARN_UNUSED_FUNCTION = YES;
				GCC_WARN_UNUSED_VARIABLE = YES;
				IPHONEOS_DEPLOYMENT_TARGET = 17.5;
				LOCALIZATION_PREFERS_STRING_CATALOGS = YES;
				MTL_ENABLE_DEBUG_INFO = NO;
				MTL_FAST_MATH = YES;
				SDKROOT = iphoneos;
				SWIFT_COMPILATION_MODE = wholemodule;
				VALIDATE_PRODUCT = YES;
			};
			name = Release;
		};
		633139C52CD6E6DD00CB4DEC /* Debug */ = {
			isa = XCBuildConfiguration;
			baseConfigurationReference = FB08ED6EAE7A81040527F3C5 /* Pods-NewsApp.debug.xcconfig */;
			buildSettings = {
				ASSETCATALOG_COMPILER_APPICON_NAME = AppIcon;
				ASSETCATALOG_COMPILER_GLOBAL_ACCENT_COLOR_NAME = AccentColor;
				CODE_SIGN_STYLE = Automatic;
				CURRENT_PROJECT_VERSION = 1;
				DEVELOPMENT_TEAM = YT78H3KQU2;
				ENABLE_USER_SCRIPT_SANDBOXING = NO;
				GENERATE_INFOPLIST_FILE = YES;
				INFOPLIST_FILE = NewsApp/Info.plist;
				INFOPLIST_KEY_UIApplicationSupportsIndirectInputEvents = YES;
				INFOPLIST_KEY_UILaunchStoryboardName = LaunchScreen;
				INFOPLIST_KEY_UIMainStoryboardFile = Main;
				INFOPLIST_KEY_UISupportedInterfaceOrientations = UIInterfaceOrientationPortrait;
				INFOPLIST_KEY_UISupportedInterfaceOrientations_iPad = "UIInterfaceOrientationLandscapeLeft UIInterfaceOrientationLandscapeRight UIInterfaceOrientationPortrait UIInterfaceOrientationPortraitUpsideDown";
				IPHONEOS_DEPLOYMENT_TARGET = 17.0;
				LD_RUNPATH_SEARCH_PATHS = (
					"$(inherited)",
					"@executable_path/Frameworks",
				);
				MARKETING_VERSION = 1.0;
				PRODUCT_BUNDLE_IDENTIFIER = com.IAhmud.NewsApp;
				PRODUCT_NAME = "$(TARGET_NAME)";
				SWIFT_EMIT_LOC_STRINGS = YES;
				SWIFT_VERSION = 5.0;
				TARGETED_DEVICE_FAMILY = "1,2";
			};
			name = Debug;
		};
		633139C62CD6E6DD00CB4DEC /* Release */ = {
			isa = XCBuildConfiguration;
			baseConfigurationReference = 6B395463B4D11D3910336D50 /* Pods-NewsApp.release.xcconfig */;
			buildSettings = {
				ASSETCATALOG_COMPILER_APPICON_NAME = AppIcon;
				ASSETCATALOG_COMPILER_GLOBAL_ACCENT_COLOR_NAME = AccentColor;
				CODE_SIGN_STYLE = Automatic;
				CURRENT_PROJECT_VERSION = 1;
				DEVELOPMENT_TEAM = YT78H3KQU2;
				ENABLE_USER_SCRIPT_SANDBOXING = NO;
				GENERATE_INFOPLIST_FILE = YES;
				INFOPLIST_FILE = NewsApp/Info.plist;
				INFOPLIST_KEY_UIApplicationSupportsIndirectInputEvents = YES;
				INFOPLIST_KEY_UILaunchStoryboardName = LaunchScreen;
				INFOPLIST_KEY_UIMainStoryboardFile = Main;
				INFOPLIST_KEY_UISupportedInterfaceOrientations = UIInterfaceOrientationPortrait;
				INFOPLIST_KEY_UISupportedInterfaceOrientations_iPad = "UIInterfaceOrientationLandscapeLeft UIInterfaceOrientationLandscapeRight UIInterfaceOrientationPortrait UIInterfaceOrientationPortraitUpsideDown";
				IPHONEOS_DEPLOYMENT_TARGET = 17.0;
				LD_RUNPATH_SEARCH_PATHS = (
					"$(inherited)",
					"@executable_path/Frameworks",
				);
				MARKETING_VERSION = 1.0;
				PRODUCT_BUNDLE_IDENTIFIER = com.IAhmud.NewsApp;
				PRODUCT_NAME = "$(TARGET_NAME)";
				SWIFT_EMIT_LOC_STRINGS = YES;
				SWIFT_VERSION = 5.0;
				TARGETED_DEVICE_FAMILY = "1,2";
			};
			name = Release;
		};
/* End XCBuildConfiguration section */

/* Begin XCConfigurationList section */
		633139AB2CD6E6DB00CB4DEC /* Build configuration list for PBXProject "NewsApp" */ = {
			isa = XCConfigurationList;
			buildConfigurations = (
				633139C22CD6E6DD00CB4DEC /* Debug */,
				633139C32CD6E6DD00CB4DEC /* Release */,
			);
			defaultConfigurationIsVisible = 0;
			defaultConfigurationName = Release;
		};
		633139C42CD6E6DD00CB4DEC /* Build configuration list for PBXNativeTarget "NewsApp" */ = {
			isa = XCConfigurationList;
			buildConfigurations = (
				633139C52CD6E6DD00CB4DEC /* Debug */,
				633139C62CD6E6DD00CB4DEC /* Release */,
			);
			defaultConfigurationIsVisible = 0;
			defaultConfigurationName = Release;
		};
/* End XCConfigurationList section */
	};
	rootObject = 633139A82CD6E6DB00CB4DEC /* Project object */;
}
